// !$*UTF8*$!
{
	archiveVersion = 1;
	classes = {
	};
	objectVersion = 50;
	objects = {

/* Begin PBXBuildFile section */
		2903AEB325622A4B003DAE84 /* Dashboard.swift in Sources */ = {isa = PBXBuildFile; fileRef = 2903AEB225622A4B003DAE84 /* Dashboard.swift */; };
		292D671D2564DF4F00006EE8 /* LocationManager.swift in Sources */ = {isa = PBXBuildFile; fileRef = 292D671C2564DF4F00006EE8 /* LocationManager.swift */; };
		292D67262564E37B00006EE8 /* MapView.swift in Sources */ = {isa = PBXBuildFile; fileRef = 292D67252564E37B00006EE8 /* MapView.swift */; };
		292D672C2564E48C00006EE8 /* MapViewModel.swift in Sources */ = {isa = PBXBuildFile; fileRef = 292D672B2564E48C00006EE8 /* MapViewModel.swift */; };
		292D672F2564E4C300006EE8 /* User.swift in Sources */ = {isa = PBXBuildFile; fileRef = 292D672E2564E4C300006EE8 /* User.swift */; };
		292D67322564E4FA00006EE8 /* UserViewModel.swift in Sources */ = {isa = PBXBuildFile; fileRef = 292D67312564E4FA00006EE8 /* UserViewModel.swift */; };
		292D67352564E5CB00006EE8 /* TimeSchadual.swift in Sources */ = {isa = PBXBuildFile; fileRef = 292D67342564E5CB00006EE8 /* TimeSchadual.swift */; };
		298D2F57253ACE89004C5717 /* AppDelegate.swift in Sources */ = {isa = PBXBuildFile; fileRef = 298D2F56253ACE89004C5717 /* AppDelegate.swift */; };
		298D2F59253ACE89004C5717 /* SceneDelegate.swift in Sources */ = {isa = PBXBuildFile; fileRef = 298D2F58253ACE89004C5717 /* SceneDelegate.swift */; };
		298D2F5B253ACE89004C5717 /* LogInView.swift in Sources */ = {isa = PBXBuildFile; fileRef = 298D2F5A253ACE89004C5717 /* LogInView.swift */; };
		298D2F5E253ACE89004C5717 /* MyTime.xcdatamodeld in Sources */ = {isa = PBXBuildFile; fileRef = 298D2F5C253ACE89004C5717 /* MyTime.xcdatamodeld */; };
		298D2F60253ACE89004C5717 /* Assets.xcassets in Resources */ = {isa = PBXBuildFile; fileRef = 298D2F5F253ACE89004C5717 /* Assets.xcassets */; };
		298D2F63253ACE89004C5717 /* Preview Assets.xcassets in Resources */ = {isa = PBXBuildFile; fileRef = 298D2F62253ACE89004C5717 /* Preview Assets.xcassets */; };
		298D2F66253ACE89004C5717 /* LaunchScreen.storyboard in Resources */ = {isa = PBXBuildFile; fileRef = 298D2F64253ACE89004C5717 /* LaunchScreen.storyboard */; };
		29A17FDF25611FD400B789CB /* SignUpView.swift in Sources */ = {isa = PBXBuildFile; fileRef = 29A17FDE25611FD400B789CB /* SignUpView.swift */; };
/* End PBXBuildFile section */

/* Begin PBXFileReference section */
		2903AEB225622A4B003DAE84 /* Dashboard.swift */ = {isa = PBXFileReference; lastKnownFileType = sourcecode.swift; path = Dashboard.swift; sourceTree = "<group>"; };
		292D671C2564DF4F00006EE8 /* LocationManager.swift */ = {isa = PBXFileReference; lastKnownFileType = sourcecode.swift; path = LocationManager.swift; sourceTree = "<group>"; };
		292D67252564E37B00006EE8 /* MapView.swift */ = {isa = PBXFileReference; lastKnownFileType = sourcecode.swift; path = MapView.swift; sourceTree = "<group>"; };
		292D672B2564E48C00006EE8 /* MapViewModel.swift */ = {isa = PBXFileReference; lastKnownFileType = sourcecode.swift; path = MapViewModel.swift; sourceTree = "<group>"; };
		292D672E2564E4C300006EE8 /* User.swift */ = {isa = PBXFileReference; lastKnownFileType = sourcecode.swift; path = User.swift; sourceTree = "<group>"; };
		292D67312564E4FA00006EE8 /* UserViewModel.swift */ = {isa = PBXFileReference; lastKnownFileType = sourcecode.swift; path = UserViewModel.swift; sourceTree = "<group>"; };
		292D67342564E5CB00006EE8 /* TimeSchadual.swift */ = {isa = PBXFileReference; lastKnownFileType = sourcecode.swift; path = TimeSchadual.swift; sourceTree = "<group>"; };
		298D2F53253ACE89004C5717 /* MyTime.app */ = {isa = PBXFileReference; explicitFileType = wrapper.application; includeInIndex = 0; path = MyTime.app; sourceTree = BUILT_PRODUCTS_DIR; };
		298D2F56253ACE89004C5717 /* AppDelegate.swift */ = {isa = PBXFileReference; lastKnownFileType = sourcecode.swift; path = AppDelegate.swift; sourceTree = "<group>"; };
		298D2F58253ACE89004C5717 /* SceneDelegate.swift */ = {isa = PBXFileReference; lastKnownFileType = sourcecode.swift; path = SceneDelegate.swift; sourceTree = "<group>"; };
		298D2F5A253ACE89004C5717 /* LogInView.swift */ = {isa = PBXFileReference; lastKnownFileType = sourcecode.swift; path = LogInView.swift; sourceTree = "<group>"; };
		298D2F5D253ACE89004C5717 /* MyTime.xcdatamodel */ = {isa = PBXFileReference; lastKnownFileType = wrapper.xcdatamodel; path = MyTime.xcdatamodel; sourceTree = "<group>"; };
		298D2F5F253ACE89004C5717 /* Assets.xcassets */ = {isa = PBXFileReference; lastKnownFileType = folder.assetcatalog; path = Assets.xcassets; sourceTree = "<group>"; };
		298D2F62253ACE89004C5717 /* Preview Assets.xcassets */ = {isa = PBXFileReference; lastKnownFileType = folder.assetcatalog; path = "Preview Assets.xcassets"; sourceTree = "<group>"; };
		298D2F65253ACE89004C5717 /* Base */ = {isa = PBXFileReference; lastKnownFileType = file.storyboard; name = Base; path = Base.lproj/LaunchScreen.storyboard; sourceTree = "<group>"; };
		298D2F67253ACE89004C5717 /* Info.plist */ = {isa = PBXFileReference; lastKnownFileType = text.plist.xml; path = Info.plist; sourceTree = "<group>"; };
		29A17FDE25611FD400B789CB /* SignUpView.swift */ = {isa = PBXFileReference; lastKnownFileType = sourcecode.swift; path = SignUpView.swift; sourceTree = "<group>"; };
/* End PBXFileReference section */

/* Begin PBXFrameworksBuildPhase section */
		298D2F50253ACE89004C5717 /* Frameworks */ = {
			isa = PBXFrameworksBuildPhase;
			buildActionMask = 2147483647;
			files = (
			);
			runOnlyForDeploymentPostprocessing = 0;
		};
/* End PBXFrameworksBuildPhase section */

/* Begin PBXGroup section */
		292D671A2564DEE200006EE8 /* Utility */ = {
			isa = PBXGroup;
			children = (
				292D671C2564DF4F00006EE8 /* LocationManager.swift */,
			);
			path = Utility;
			sourceTree = "<group>";
		};
		298D2F4A253ACE89004C5717 = {
			isa = PBXGroup;
			children = (
				298D2F55253ACE89004C5717 /* MyTime */,
				298D2F54253ACE89004C5717 /* Products */,
			);
			sourceTree = "<group>";
		};
		298D2F54253ACE89004C5717 /* Products */ = {
			isa = PBXGroup;
			children = (
				298D2F53253ACE89004C5717 /* MyTime.app */,
			);
			name = Products;
			sourceTree = "<group>";
		};
		298D2F55253ACE89004C5717 /* MyTime */ = {
			isa = PBXGroup;
			children = (
				292D671A2564DEE200006EE8 /* Utility */,
				29A17FDC256114A300B789CB /* ViewModel */,
				29A17FDB2561149900B789CB /* View */,
				29A17FDA2561148F00B789CB /* Model */,
				298D2F56253ACE89004C5717 /* AppDelegate.swift */,
				298D2F5A253ACE89004C5717 /* LogInView.swift */,
				298D2F58253ACE89004C5717 /* SceneDelegate.swift */,
				298D2F5F253ACE89004C5717 /* Assets.xcassets */,
				298D2F64253ACE89004C5717 /* LaunchScreen.storyboard */,
				298D2F67253ACE89004C5717 /* Info.plist */,
				298D2F5C253ACE89004C5717 /* MyTime.xcdatamodeld */,
				298D2F61253ACE89004C5717 /* Preview Content */,
			);
			path = MyTime;
			sourceTree = "<group>";
		};
		298D2F61253ACE89004C5717 /* Preview Content */ = {
			isa = PBXGroup;
			children = (
				298D2F62253ACE89004C5717 /* Preview Assets.xcassets */,
			);
			path = "Preview Content";
			sourceTree = "<group>";
		};
		29A17FDA2561148F00B789CB /* Model */ = {
			isa = PBXGroup;
			children = (
				292D672E2564E4C300006EE8 /* User.swift */,
				292D67342564E5CB00006EE8 /* TimeSchadual.swift */,
			);
			path = Model;
			sourceTree = "<group>";
		};
		29A17FDB2561149900B789CB /* View */ = {
			isa = PBXGroup;
			children = (
				29A17FDE25611FD400B789CB /* SignUpView.swift */,
				2903AEB225622A4B003DAE84 /* Dashboard.swift */,
				292D67252564E37B00006EE8 /* MapView.swift */,
			);
			path = View;
			sourceTree = "<group>";
		};
		29A17FDC256114A300B789CB /* ViewModel */ = {
			isa = PBXGroup;
			children = (
				292D672B2564E48C00006EE8 /* MapViewModel.swift */,
				292D67312564E4FA00006EE8 /* UserViewModel.swift */,
			);
			path = ViewModel;
			sourceTree = "<group>";
		};
/* End PBXGroup section */

/* Begin PBXNativeTarget section */
		298D2F52253ACE89004C5717 /* MyTime */ = {
			isa = PBXNativeTarget;
			buildConfigurationList = 298D2F6A253ACE89004C5717 /* Build configuration list for PBXNativeTarget "MyTime" */;
			buildPhases = (
				298D2F4F253ACE89004C5717 /* Sources */,
				298D2F50253ACE89004C5717 /* Frameworks */,
				298D2F51253ACE89004C5717 /* Resources */,
			);
			buildRules = (
			);
			dependencies = (
			);
			name = MyTime;
			productName = MyTime;
			productReference = 298D2F53253ACE89004C5717 /* MyTime.app */;
			productType = "com.apple.product-type.application";
		};
/* End PBXNativeTarget section */

/* Begin PBXProject section */
		298D2F4B253ACE89004C5717 /* Project object */ = {
			isa = PBXProject;
			attributes = {
				LastSwiftUpdateCheck = 1200;
				LastUpgradeCheck = 1200;
				TargetAttributes = {
					298D2F52253ACE89004C5717 = {
						CreatedOnToolsVersion = 12.0.1;
					};
				};
			};
			buildConfigurationList = 298D2F4E253ACE89004C5717 /* Build configuration list for PBXProject "MyTime" */;
			compatibilityVersion = "Xcode 9.3";
			developmentRegion = en;
			hasScannedForEncodings = 0;
			knownRegions = (
				en,
				Base,
			);
			mainGroup = 298D2F4A253ACE89004C5717;
			productRefGroup = 298D2F54253ACE89004C5717 /* Products */;
			projectDirPath = "";
			projectRoot = "";
			targets = (
				298D2F52253ACE89004C5717 /* MyTime */,
			);
		};
/* End PBXProject section */

/* Begin PBXResourcesBuildPhase section */
		298D2F51253ACE89004C5717 /* Resources */ = {
			isa = PBXResourcesBuildPhase;
			buildActionMask = 2147483647;
			files = (
				298D2F66253ACE89004C5717 /* LaunchScreen.storyboard in Resources */,
				298D2F63253ACE89004C5717 /* Preview Assets.xcassets in Resources */,
				298D2F60253ACE89004C5717 /* Assets.xcassets in Resources */,
			);
			runOnlyForDeploymentPostprocessing = 0;
		};
/* End PBXResourcesBuildPhase section */

/* Begin PBXSourcesBuildPhase section */
		298D2F4F253ACE89004C5717 /* Sources */ = {
			isa = PBXSourcesBuildPhase;
			buildActionMask = 2147483647;
			files = (
				298D2F5E253ACE89004C5717 /* MyTime.xcdatamodeld in Sources */,
				292D67322564E4FA00006EE8 /* UserViewModel.swift in Sources */,
				292D67262564E37B00006EE8 /* MapView.swift in Sources */,
				29A17FDF25611FD400B789CB /* SignUpView.swift in Sources */,
				298D2F57253ACE89004C5717 /* AppDelegate.swift in Sources */,
				292D671D2564DF4F00006EE8 /* LocationManager.swift in Sources */,
				298D2F59253ACE89004C5717 /* SceneDelegate.swift in Sources */,
				2903AEB325622A4B003DAE84 /* Dashboard.swift in Sources */,
				298D2F5B253ACE89004C5717 /* LogInView.swift in Sources */,
				292D67352564E5CB00006EE8 /* TimeSchadual.swift in Sources */,
				292D672F2564E4C300006EE8 /* User.swift in Sources */,
				292D672C2564E48C00006EE8 /* MapViewModel.swift in Sources */,
			);
			runOnlyForDeploymentPostprocessing = 0;
		};
/* End PBXSourcesBuildPhase section */

/* Begin PBXVariantGroup section */
		298D2F64253ACE89004C5717 /* LaunchScreen.storyboard */ = {
			isa = PBXVariantGroup;
			children = (
				298D2F65253ACE89004C5717 /* Base */,
			);
			name = LaunchScreen.storyboard;
			sourceTree = "<group>";
		};
/* End PBXVariantGroup section */

/* Begin XCBuildConfiguration section */
		298D2F68253ACE89004C5717 /* Debug */ = {
			isa = XCBuildConfiguration;
			buildSettings = {
				ALWAYS_SEARCH_USER_PATHS = NO;
				CLANG_ANALYZER_NONNULL = YES;
				CLANG_ANALYZER_NUMBER_OBJECT_CONVERSION = YES_AGGRESSIVE;
				CLANG_CXX_LANGUAGE_STANDARD = "gnu++14";
				CLANG_CXX_LIBRARY = "libc++";
				CLANG_ENABLE_MODULES = YES;
				CLANG_ENABLE_OBJC_ARC = YES;
				CLANG_ENABLE_OBJC_WEAK = YES;
				CLANG_WARN_BLOCK_CAPTURE_AUTORELEASING = YES;
				CLANG_WARN_BOOL_CONVERSION = YES;
				CLANG_WARN_COMMA = YES;
				CLANG_WARN_CONSTANT_CONVERSION = YES;
				CLANG_WARN_DEPRECATED_OBJC_IMPLEMENTATIONS = YES;
				CLANG_WARN_DIRECT_OBJC_ISA_USAGE = YES_ERROR;
				CLANG_WARN_DOCUMENTATION_COMMENTS = YES;
				CLANG_WARN_EMPTY_BODY = YES;
				CLANG_WARN_ENUM_CONVERSION = YES;
				CLANG_WARN_INFINITE_RECURSION = YES;
				CLANG_WARN_INT_CONVERSION = YES;
				CLANG_WARN_NON_LITERAL_NULL_CONVERSION = YES;
				CLANG_WARN_OBJC_IMPLICIT_RETAIN_SELF = YES;
				CLANG_WARN_OBJC_LITERAL_CONVERSION = YES;
				CLANG_WARN_OBJC_ROOT_CLASS = YES_ERROR;
				CLANG_WARN_QUOTED_INCLUDE_IN_FRAMEWORK_HEADER = YES;
				CLANG_WARN_RANGE_LOOP_ANALYSIS = YES;
				CLANG_WARN_STRICT_PROTOTYPES = YES;
				CLANG_WARN_SUSPICIOUS_MOVE = YES;
				CLANG_WARN_UNGUARDED_AVAILABILITY = YES_AGGRESSIVE;
				CLANG_WARN_UNREACHABLE_CODE = YES;
				CLANG_WARN__DUPLICATE_METHOD_MATCH = YES;
				COPY_PHASE_STRIP = NO;
				DEBUG_INFORMATION_FORMAT = dwarf;
				ENABLE_STRICT_OBJC_MSGSEND = YES;
				ENABLE_TESTABILITY = YES;
				GCC_C_LANGUAGE_STANDARD = gnu11;
				GCC_DYNAMIC_NO_PIC = NO;
				GCC_NO_COMMON_BLOCKS = YES;
				GCC_OPTIMIZATION_LEVEL = 0;
				GCC_PREPROCESSOR_DEFINITIONS = (
					"DEBUG=1",
					"$(inherited)",
				);
				GCC_WARN_64_TO_32_BIT_CONVERSION = YES;
				GCC_WARN_ABOUT_RETURN_TYPE = YES_ERROR;
				GCC_WARN_UNDECLARED_SELECTOR = YES;
				GCC_WARN_UNINITIALIZED_AUTOS = YES_AGGRESSIVE;
				GCC_WARN_UNUSED_FUNCTION = YES;
				GCC_WARN_UNUSED_VARIABLE = YES;
				IPHONEOS_DEPLOYMENT_TARGET = 14.0;
				MTL_ENABLE_DEBUG_INFO = INCLUDE_SOURCE;
				MTL_FAST_MATH = YES;
				ONLY_ACTIVE_ARCH = YES;
				SDKROOT = iphoneos;
				SWIFT_ACTIVE_COMPILATION_CONDITIONS = DEBUG;
				SWIFT_OPTIMIZATION_LEVEL = "-Onone";
			};
			name = Debug;
		};
		298D2F69253ACE89004C5717 /* Release */ = {
			isa = XCBuildConfiguration;
			buildSettings = {
				ALWAYS_SEARCH_USER_PATHS = NO;
				CLANG_ANALYZER_NONNULL = YES;
				CLANG_ANALYZER_NUMBER_OBJECT_CONVERSION = YES_AGGRESSIVE;
				CLANG_CXX_LANGUAGE_STANDARD = "gnu++14";
				CLANG_CXX_LIBRARY = "libc++";
				CLANG_ENABLE_MODULES = YES;
				CLANG_ENABLE_OBJC_ARC = YES;
				CLANG_ENABLE_OBJC_WEAK = YES;
				CLANG_WARN_BLOCK_CAPTURE_AUTORELEASING = YES;
				CLANG_WARN_BOOL_CONVERSION = YES;
				CLANG_WARN_COMMA = YES;
				CLANG_WARN_CONSTANT_CONVERSION = YES;
				CLANG_WARN_DEPRECATED_OBJC_IMPLEMENTATIONS = YES;
				CLANG_WARN_DIRECT_OBJC_ISA_USAGE = YES_ERROR;
				CLANG_WARN_DOCUMENTATION_COMMENTS = YES;
				CLANG_WARN_EMPTY_BODY = YES;
				CLANG_WARN_ENUM_CONVERSION = YES;
				CLANG_WARN_INFINITE_RECURSION = YES;
				CLANG_WARN_INT_CONVERSION = YES;
				CLANG_WARN_NON_LITERAL_NULL_CONVERSION = YES;
				CLANG_WARN_OBJC_IMPLICIT_RETAIN_SELF = YES;
				CLANG_WARN_OBJC_LITERAL_CONVERSION = YES;
				CLANG_WARN_OBJC_ROOT_CLASS = YES_ERROR;
				CLANG_WARN_QUOTED_INCLUDE_IN_FRAMEWORK_HEADER = YES;
				CLANG_WARN_RANGE_LOOP_ANALYSIS = YES;
				CLANG_WARN_STRICT_PROTOTYPES = YES;
				CLANG_WARN_SUSPICIOUS_MOVE = YES;
				CLANG_WARN_UNGUARDED_AVAILABILITY = YES_AGGRESSIVE;
				CLANG_WARN_UNREACHABLE_CODE = YES;
				CLANG_WARN__DUPLICATE_METHOD_MATCH = YES;
				COPY_PHASE_STRIP = NO;
				DEBUG_INFORMATION_FORMAT = "dwarf-with-dsym";
				ENABLE_NS_ASSERTIONS = NO;
				ENABLE_STRICT_OBJC_MSGSEND = YES;
				GCC_C_LANGUAGE_STANDARD = gnu11;
				GCC_NO_COMMON_BLOCKS = YES;
				GCC_WARN_64_TO_32_BIT_CONVERSION = YES;
				GCC_WARN_ABOUT_RETURN_TYPE = YES_ERROR;
				GCC_WARN_UNDECLARED_SELECTOR = YES;
				GCC_WARN_UNINITIALIZED_AUTOS = YES_AGGRESSIVE;
				GCC_WARN_UNUSED_FUNCTION = YES;
				GCC_WARN_UNUSED_VARIABLE = YES;
				IPHONEOS_DEPLOYMENT_TARGET = 14.0;
				MTL_ENABLE_DEBUG_INFO = NO;
				MTL_FAST_MATH = YES;
				SDKROOT = iphoneos;
				SWIFT_COMPILATION_MODE = wholemodule;
				SWIFT_OPTIMIZATION_LEVEL = "-O";
				VALIDATE_PRODUCT = YES;
			};
			name = Release;
		};
		298D2F6B253ACE89004C5717 /* Debug */ = {
			isa = XCBuildConfiguration;
			buildSettings = {
				ASSETCATALOG_COMPILER_APPICON_NAME = AppIcon;
				ASSETCATALOG_COMPILER_GLOBAL_ACCENT_COLOR_NAME = AccentColor;
				CODE_SIGN_STYLE = Automatic;
				DEVELOPMENT_ASSET_PATHS = "\"MyTime/Preview Content\"";
				DEVELOPMENT_TEAM = 554LZY7MX6;
				ENABLE_PREVIEWS = YES;
				INFOPLIST_FILE = MyTime/Info.plist;
				LD_RUNPATH_SEARCH_PATHS = (
					"$(inherited)",
					"@executable_path/Frameworks",
				);
				PRODUCT_BUNDLE_IDENTIFIER = ca.mikhailajaj.MyTime;
				PRODUCT_NAME = "$(TARGET_NAME)";
				SWIFT_VERSION = 5.0;
				TARGETED_DEVICE_FAMILY = "1,2";
			};
			name = Debug;
		};
		298D2F6C253ACE89004C5717 /* Release */ = {
			isa = XCBuildConfiguration;
			buildSettings = {
				ASSETCATALOG_COMPILER_APPICON_NAME = AppIcon;
				ASSETCATALOG_COMPILER_GLOBAL_ACCENT_COLOR_NAME = AccentColor;
				CODE_SIGN_STYLE = Automatic;
				DEVELOPMENT_ASSET_PATHS = "\"MyTime/Preview Content\"";
				DEVELOPMENT_TEAM = 554LZY7MX6;
				ENABLE_PREVIEWS = YES;
				INFOPLIST_FILE = MyTime/Info.plist;
				LD_RUNPATH_SEARCH_PATHS = (
					"$(inherited)",
					"@executable_path/Frameworks",
				);
				PRODUCT_BUNDLE_IDENTIFIER = ca.mikhailajaj.MyTime;
				PRODUCT_NAME = "$(TARGET_NAME)";
				SWIFT_VERSION = 5.0;
				TARGETED_DEVICE_FAMILY = "1,2";
			};
			name = Release;
		};
/* End XCBuildConfiguration section */

/* Begin XCConfigurationList section */
		298D2F4E253ACE89004C5717 /* Build configuration list for PBXProject "MyTime" */ = {
			isa = XCConfigurationList;
			buildConfigurations = (
				298D2F68253ACE89004C5717 /* Debug */,
				298D2F69253ACE89004C5717 /* Release */,
			);
			defaultConfigurationIsVisible = 0;
			defaultConfigurationName = Release;
		};
		298D2F6A253ACE89004C5717 /* Build configuration list for PBXNativeTarget "MyTime" */ = {
			isa = XCConfigurationList;
			buildConfigurations = (
				298D2F6B253ACE89004C5717 /* Debug */,
				298D2F6C253ACE89004C5717 /* Release */,
			);
			defaultConfigurationIsVisible = 0;
			defaultConfigurationName = Release;
		};
/* End XCConfigurationList section */

/* Begin XCVersionGroup section */
		298D2F5C253ACE89004C5717 /* MyTime.xcdatamodeld */ = {
			isa = XCVersionGroup;
			children = (
				298D2F5D253ACE89004C5717 /* MyTime.xcdatamodel */,
			);
			currentVersion = 298D2F5D253ACE89004C5717 /* MyTime.xcdatamodel */;
			path = MyTime.xcdatamodeld;
			sourceTree = "<group>";
			versionGroupType = wrapper.xcdatamodel;
		};
/* End XCVersionGroup section */
	};
	rootObject = 298D2F4B253ACE89004C5717 /* Project object */;
}
